
Microsoft Visual Studio Solution File, Format Version 12.00
# Visual Studio Version 16
VisualStudioVersion = 16.0.33423.256
MinimumVisualStudioVersion = 10.0.40219.1
Project("{FAE04EC0-301F-11D3-BF4B-00C04F79EFBC}") = "libRnVerduras", "libRnVerduras\libRnVerduras.csproj", "{70C21F5C-E1ED-448A-9068-000E4F25314E}"
EndProject
Global
	GlobalSection(SolutionConfigurationPlatforms) = preSolution
		Debug|Any CPU = Debug|Any CPU
		Release|Any CPU = Release|Any CPU
	EndGlobalSection
	GlobalSection(ProjectConfigurationPlatforms) = postSolution
		{70C21F5C-E1ED-448A-9068-000E4F25314E}.Debug|Any CPU.ActiveCfg = Debug|Any CPU
		{70C21F5C-E1ED-448A-9068-000E4F25314E}.Debug|Any CPU.Build.0 = Debug|Any CPU
		{70C21F5C-E1ED-448A-9068-000E4F25314E}.Release|Any CPU.ActiveCfg = Release|Any CPU
		{70C21F5C-E1ED-448A-9068-000E4F25314E}.Release|Any CPU.Build.0 = Release|Any CPU
	EndGlobalSection
	GlobalSection(SolutionProperties) = preSolution
		HideSolutionNode = FALSE
	EndGlobalSection
	GlobalSection(ExtensibilityGlobals) = postSolution
		SolutionGuid = {F47E161A-E69E-4B17-8C14-70FDEB683926}
	EndGlobalSection
EndGlobal
